
Microsoft Visual Studio Solution File, Format Version 12.00
# Visual Studio 15
VisualStudioVersion = 15.0.28307.1321
MinimumVisualStudioVersion = 10.0.40219.1
Project("{FAE04EC0-301F-11D3-BF4B-00C04F79EFBC}") = "Ex_Paint", "Ex_Paint\Ex_Paint.csproj", "{64914138-E514-4C99-9E6A-79093CFCE646}"
EndProject
Project("{FAE04EC0-301F-11D3-BF4B-00C04F79EFBC}") = "Common.Drawing", "Common.Drawing\Common.Drawing.csproj", "{CE1F0FC2-FC66-4A8A-B71A-6B5A830AF1A1}"
EndProject
Global
	GlobalSection(SolutionConfigurationPlatforms) = preSolution
		Debug|Any CPU = Debug|Any CPU
		Release|Any CPU = Release|Any CPU
	EndGlobalSection
	GlobalSection(ProjectConfigurationPlatforms) = postSolution
		{64914138-E514-4C99-9E6A-79093CFCE646}.Debug|Any CPU.ActiveCfg = Debug|Any CPU
		{64914138-E514-4C99-9E6A-79093CFCE646}.Debug|Any CPU.Build.0 = Debug|Any CPU
		{64914138-E514-4C99-9E6A-79093CFCE646}.Release|Any CPU.ActiveCfg = Release|Any CPU
		{64914138-E514-4C99-9E6A-79093CFCE646}.Release|Any CPU.Build.0 = Release|Any CPU
		{CE1F0FC2-FC66-4A8A-B71A-6B5A830AF1A1}.Debug|Any CPU.ActiveCfg = Debug|Any CPU
		{CE1F0FC2-FC66-4A8A-B71A-6B5A830AF1A1}.Debug|Any CPU.Build.0 = Debug|Any CPU
		{CE1F0FC2-FC66-4A8A-B71A-6B5A830AF1A1}.Release|Any CPU.ActiveCfg = Release|Any CPU
		{CE1F0FC2-FC66-4A8A-B71A-6B5A830AF1A1}.Release|Any CPU.Build.0 = Release|Any CPU
	EndGlobalSection
	GlobalSection(SolutionProperties) = preSolution
		HideSolutionNode = FALSE
	EndGlobalSection
	GlobalSection(ExtensibilityGlobals) = postSolution
		SolutionGuid = {C31A4348-10F6-4F3A-B276-4A15E7838625}
	EndGlobalSection
EndGlobal
